
Microsoft Visual Studio Solution File, Format Version 12.00
# Visual Studio Version 17
VisualStudioVersion = 17.7.34024.191
MinimumVisualStudioVersion = 10.0.40219.1
Project("{FAE04EC0-301F-11D3-BF4B-00C04F79EFBC}") = "ucheni_muzic", "ucheni_muzic\ucheni_muzic.csproj", "{11EF9DA4-4ED0-4C3E-B538-8F2E6FE20D7F}"
EndProject
Global
	GlobalSection(SolutionConfigurationPlatforms) = preSolution
		Debug|Any CPU = Debug|Any CPU
		Release|Any CPU = Release|Any CPU
	EndGlobalSection
	GlobalSection(ProjectConfigurationPlatforms) = postSolution
		{11EF9DA4-4ED0-4C3E-B538-8F2E6FE20D7F}.Debug|Any CPU.ActiveCfg = Debug|Any CPU
		{11EF9DA4-4ED0-4C3E-B538-8F2E6FE20D7F}.Debug|Any CPU.Build.0 = Debug|Any CPU
		{11EF9DA4-4ED0-4C3E-B538-8F2E6FE20D7F}.Release|Any CPU.ActiveCfg = Release|Any CPU
		{11EF9DA4-4ED0-4C3E-B538-8F2E6FE20D7F}.Release|Any CPU.Build.0 = Release|Any CPU
	EndGlobalSection
	GlobalSection(SolutionProperties) = preSolution
		HideSolutionNode = FALSE
	EndGlobalSection
	GlobalSection(ExtensibilityGlobals) = postSolution
		SolutionGuid = {D31FA694-5E62-40C7-85E3-9970666454E7}
	EndGlobalSection
EndGlobal
